
Microsoft Visual Studio Solution File, Format Version 12.00
# Visual Studio Version 17
VisualStudioVersion = 17.3.32825.248
MinimumVisualStudioVersion = 10.0.40219.1
Project("{FAE04EC0-301F-11D3-BF4B-00C04F79EFBC}") = "TenisCourtBookingAPP.Domain", "TenisCourtBookingAPI.Domain\TenisCourtBookingAPP.Domain.csproj", "{5CFFAE90-1F40-4E35-B19A-B54BA481BCED}"
EndProject
Project("{FAE04EC0-301F-11D3-BF4B-00C04F79EFBC}") = "TenisCourtBookingAPP.Application", "TenisCourtBookingAPP.Application\TenisCourtBookingAPP.Application.csproj", "{FA886E7F-923B-4712-AEF8-246613083BC2}"
EndProject
Project("{FAE04EC0-301F-11D3-BF4B-00C04F79EFBC}") = "TenisCourtBookingAPP.Infrastructure", "TenisCourtBookingAPP.Infrastructure\TenisCourtBookingAPP.Infrastructure.csproj", "{99246017-2A85-4262-8CFC-24233D490169}"
EndProject
Project("{FAE04EC0-301F-11D3-BF4B-00C04F79EFBC}") = "TenisCourtBookingApp.API", "TenisCourtBookingApp.API\TenisCourtBookingApp.API.csproj", "{3F907A2D-6D09-437C-BDD3-7F9EB371B2F4}"
EndProject
Global
	GlobalSection(SolutionConfigurationPlatforms) = preSolution
		Debug|Any CPU = Debug|Any CPU
		Release|Any CPU = Release|Any CPU
	EndGlobalSection
	GlobalSection(ProjectConfigurationPlatforms) = postSolution
		{5CFFAE90-1F40-4E35-B19A-B54BA481BCED}.Debug|Any CPU.ActiveCfg = Debug|Any CPU
		{5CFFAE90-1F40-4E35-B19A-B54BA481BCED}.Debug|Any CPU.Build.0 = Debug|Any CPU
		{5CFFAE90-1F40-4E35-B19A-B54BA481BCED}.Release|Any CPU.ActiveCfg = Release|Any CPU
		{5CFFAE90-1F40-4E35-B19A-B54BA481BCED}.Release|Any CPU.Build.0 = Release|Any CPU
		{FA886E7F-923B-4712-AEF8-246613083BC2}.Debug|Any CPU.ActiveCfg = Debug|Any CPU
		{FA886E7F-923B-4712-AEF8-246613083BC2}.Debug|Any CPU.Build.0 = Debug|Any CPU
		{FA886E7F-923B-4712-AEF8-246613083BC2}.Release|Any CPU.ActiveCfg = Release|Any CPU
		{FA886E7F-923B-4712-AEF8-246613083BC2}.Release|Any CPU.Build.0 = Release|Any CPU
		{99246017-2A85-4262-8CFC-24233D490169}.Debug|Any CPU.ActiveCfg = Debug|Any CPU
		{99246017-2A85-4262-8CFC-24233D490169}.Debug|Any CPU.Build.0 = Debug|Any CPU
		{99246017-2A85-4262-8CFC-24233D490169}.Release|Any CPU.ActiveCfg = Release|Any CPU
		{99246017-2A85-4262-8CFC-24233D490169}.Release|Any CPU.Build.0 = Release|Any CPU
		{3F907A2D-6D09-437C-BDD3-7F9EB371B2F4}.Debug|Any CPU.ActiveCfg = Debug|Any CPU
		{3F907A2D-6D09-437C-BDD3-7F9EB371B2F4}.Debug|Any CPU.Build.0 = Debug|Any CPU
		{3F907A2D-6D09-437C-BDD3-7F9EB371B2F4}.Release|Any CPU.ActiveCfg = Release|Any CPU
		{3F907A2D-6D09-437C-BDD3-7F9EB371B2F4}.Release|Any CPU.Build.0 = Release|Any CPU
	EndGlobalSection
	GlobalSection(SolutionProperties) = preSolution
		HideSolutionNode = FALSE
	EndGlobalSection
	GlobalSection(ExtensibilityGlobals) = postSolution
		SolutionGuid = {06C04000-F578-4070-BC62-2ABDD6BDC54D}
	EndGlobalSection
EndGlobal
